{
  "name": "@arke-institute/klados-testing",
  "version": "0.3.3",
  "lockfileVersion": 3,
  "requires": true,
  "packages": {
    "": {
      "name": "@arke-institute/klados-testing",
      "version": "0.3.3",
      "license": "MIT",
      "devDependencies": {
        "@arke-institute/sdk": "^3.6.13",
        "typescript": "^5.7.2"
      },
      "peerDependencies": {
        "@arke-institute/sdk": "^3.0.0"
      },
      "peerDependenciesMeta": {
        "@arke-institute/sdk": {
          "optional": true
        }
      }
    },
    "node_modules/@arke-institute/sdk": {
      "version": "3.6.13",
      "resolved": "https://registry.npmjs.org/@arke-institute/sdk/-/sdk-3.6.13.tgz",
      "integrity": "sha512-vghFCcUzyd8RMeKx8p8xRmeJFDo/1TnnOT2sfz96HjPa/zdyJghf0MVLPmEE97COqTiyZGDO/FBwK5UzXeEFYA==",
      "dev": true,
      "license": "MIT",
      "dependencies": {
        "multiformats": "^13.4.2",
        "openapi-fetch": "^0.13.0"
      },
      "engines": {
        "node": ">=18.0.0"
      }
    },
    "node_modules/multiformats": {
      "version": "13.4.2",
      "resolved": "https://registry.npmjs.org/multiformats/-/multiformats-13.4.2.tgz",
      "integrity": "sha512-eh6eHCrRi1+POZ3dA+Dq1C6jhP1GNtr9CRINMb67OKzqW9I5DUuZM/3jLPlzhgpGeiNUlEGEbkCYChXMCc/8DQ==",
      "dev": true,
      "license": "Apache-2.0 OR MIT"
    },
    "node_modules/openapi-fetch": {
      "version": "0.13.8",
      "resolved": "https://registry.npmjs.org/openapi-fetch/-/openapi-fetch-0.13.8.tgz",
      "integrity": "sha512-yJ4QKRyNxE44baQ9mY5+r/kAzZ8yXMemtNAOFwOzRXJscdjSxxzWSNlyBAr+o5JjkUw9Lc3W7OIoca0cY3PYnQ==",
      "dev": true,
      "license": "MIT",
      "dependencies": {
        "openapi-typescript-helpers": "^0.0.15"
      }
    },
    "node_modules/openapi-typescript-helpers": {
      "version": "0.0.15",
      "resolved": "https://registry.npmjs.org/openapi-typescript-helpers/-/openapi-typescript-helpers-0.0.15.tgz",
      "integrity": "sha512-opyTPaunsklCBpTK8JGef6mfPhLSnyy5a0IN9vKtx3+4aExf+KxEqYwIy3hqkedXIB97u357uLMJsOnm3GVjsw==",
      "dev": true,
      "license": "MIT"
    },
    "node_modules/typescript": {
      "version": "5.9.3",
      "resolved": "https://registry.npmjs.org/typescript/-/typescript-5.9.3.tgz",
      "integrity": "sha512-jl1vZzPDinLr9eUt3J/t7V6FgNEw9QjvBPdysz9KfQDD41fQrC2Y4vKQdiaUpFT4bXlb1RHhLpp8wtm6M5TgSw==",
      "dev": true,
      "license": "Apache-2.0",
      "bin": {
        "tsc": "bin/tsc",
        "tsserver": "bin/tsserver"
      },
      "engines": {
        "node": ">=14.17"
      }
    }
  }
}
